
Microsoft Visual Studio Solution File, Format Version 12.00
# Visual Studio Version 17
VisualStudioVersion = 17.11.35222.181
MinimumVisualStudioVersion = 10.0.40219.1
Project("{FAE04EC0-301F-11D3-BF4B-00C04F79EFBC}") = "IDEApp", "IDEApp\IDEApp.csproj", "{5ECDAF7E-338B-4F29-8D3A-8DC2692A3464}"
EndProject
Project("{FAE04EC0-301F-11D3-BF4B-00C04F79EFBC}") = "LabsNRef", "LabsNRef\LabsNRef.csproj", "{9F14903B-9771-4E89-A1E9-81E6F1569AAE}"
EndProject
Project("{FAE04EC0-301F-11D3-BF4B-00C04F79EFBC}") = "CompanyOrdersLab", "CompanyOrdersLab\CompanyOrdersLab.csproj", "{259778A5-4F39-420E-803B-3921B43B842F}"
EndProject
Project("{FAE04EC0-301F-11D3-BF4B-00C04F79EFBC}") = "ExceptionsDemo", "ExceptionsDemo\ExceptionsDemo.csproj", "{978D09AA-4886-44AA-997F-53E1D4E44D1D}"
EndProject
Project("{FAE04EC0-301F-11D3-BF4B-00C04F79EFBC}") = "CalculatorLibrary", "CalculatorLibrary\CalculatorLibrary.csproj", "{504DB446-83FD-4A78-8EB9-2DA905C71EC0}"
EndProject
Project("{2150E333-8FDC-42A3-9474-1A3956D46DE8}") = "Calculator Application", "Calculator Application", "{F45613FF-C1C6-434A-A4A0-4EB0E399C940}"
EndProject
Project("{2150E333-8FDC-42A3-9474-1A3956D46DE8}") = "FrontEnd", "FrontEnd", "{AA92F262-1573-4028-B6F5-F0D453133077}"
EndProject
Project("{2150E333-8FDC-42A3-9474-1A3956D46DE8}") = "BackEnd", "BackEnd", "{C55C45DD-5D45-495C-97BE-2E488DE6CBDE}"
EndProject
Project("{FAE04EC0-301F-11D3-BF4B-00C04F79EFBC}") = "CalculatorClient", "CalculatorClient\CalculatorClient.csproj", "{33DD57A3-552F-4E5D-95EE-41D36139239D}"
EndProject
Project("{FAE04EC0-301F-11D3-BF4B-00C04F79EFBC}") = "DelegatesDemo", "DelegatesDemo\DelegatesDemo.csproj", "{04391053-4C71-40D6-8DC0-5847098648DB}"
EndProject
Project("{2150E333-8FDC-42A3-9474-1A3956D46DE8}") = "Delegates", "Delegates", "{00C1CE26-12AA-4BEF-9FAC-1209B99371A7}"
EndProject
Project("{FAE04EC0-301F-11D3-BF4B-00C04F79EFBC}") = "DelegatesDemo2", "DelegatesDemo2\DelegatesDemo2.csproj", "{D0CE293A-357D-4493-97DD-2E607A687F27}"
EndProject
Global
	GlobalSection(SolutionConfigurationPlatforms) = preSolution
		Debug|Any CPU = Debug|Any CPU
		Release|Any CPU = Release|Any CPU
	EndGlobalSection
	GlobalSection(ProjectConfigurationPlatforms) = postSolution
		{5ECDAF7E-338B-4F29-8D3A-8DC2692A3464}.Debug|Any CPU.ActiveCfg = Debug|Any CPU
		{5ECDAF7E-338B-4F29-8D3A-8DC2692A3464}.Debug|Any CPU.Build.0 = Debug|Any CPU
		{5ECDAF7E-338B-4F29-8D3A-8DC2692A3464}.Release|Any CPU.ActiveCfg = Release|Any CPU
		{5ECDAF7E-338B-4F29-8D3A-8DC2692A3464}.Release|Any CPU.Build.0 = Release|Any CPU
		{9F14903B-9771-4E89-A1E9-81E6F1569AAE}.Debug|Any CPU.ActiveCfg = Debug|Any CPU
		{9F14903B-9771-4E89-A1E9-81E6F1569AAE}.Debug|Any CPU.Build.0 = Debug|Any CPU
		{9F14903B-9771-4E89-A1E9-81E6F1569AAE}.Release|Any CPU.ActiveCfg = Release|Any CPU
		{9F14903B-9771-4E89-A1E9-81E6F1569AAE}.Release|Any CPU.Build.0 = Release|Any CPU
		{259778A5-4F39-420E-803B-3921B43B842F}.Debug|Any CPU.ActiveCfg = Debug|Any CPU
		{259778A5-4F39-420E-803B-3921B43B842F}.Debug|Any CPU.Build.0 = Debug|Any CPU
		{259778A5-4F39-420E-803B-3921B43B842F}.Release|Any CPU.ActiveCfg = Release|Any CPU
		{259778A5-4F39-420E-803B-3921B43B842F}.Release|Any CPU.Build.0 = Release|Any CPU
		{978D09AA-4886-44AA-997F-53E1D4E44D1D}.Debug|Any CPU.ActiveCfg = Debug|Any CPU
		{978D09AA-4886-44AA-997F-53E1D4E44D1D}.Debug|Any CPU.Build.0 = Debug|Any CPU
		{978D09AA-4886-44AA-997F-53E1D4E44D1D}.Release|Any CPU.ActiveCfg = Release|Any CPU
		{978D09AA-4886-44AA-997F-53E1D4E44D1D}.Release|Any CPU.Build.0 = Release|Any CPU
		{504DB446-83FD-4A78-8EB9-2DA905C71EC0}.Debug|Any CPU.ActiveCfg = Debug|Any CPU
		{504DB446-83FD-4A78-8EB9-2DA905C71EC0}.Debug|Any CPU.Build.0 = Debug|Any CPU
		{504DB446-83FD-4A78-8EB9-2DA905C71EC0}.Release|Any CPU.ActiveCfg = Release|Any CPU
		{504DB446-83FD-4A78-8EB9-2DA905C71EC0}.Release|Any CPU.Build.0 = Release|Any CPU
		{33DD57A3-552F-4E5D-95EE-41D36139239D}.Debug|Any CPU.ActiveCfg = Debug|Any CPU
		{33DD57A3-552F-4E5D-95EE-41D36139239D}.Debug|Any CPU.Build.0 = Debug|Any CPU
		{33DD57A3-552F-4E5D-95EE-41D36139239D}.Release|Any CPU.ActiveCfg = Release|Any CPU
		{33DD57A3-552F-4E5D-95EE-41D36139239D}.Release|Any CPU.Build.0 = Release|Any CPU
		{04391053-4C71-40D6-8DC0-5847098648DB}.Debug|Any CPU.ActiveCfg = Debug|Any CPU
		{04391053-4C71-40D6-8DC0-5847098648DB}.Debug|Any CPU.Build.0 = Debug|Any CPU
		{04391053-4C71-40D6-8DC0-5847098648DB}.Release|Any CPU.ActiveCfg = Release|Any CPU
		{04391053-4C71-40D6-8DC0-5847098648DB}.Release|Any CPU.Build.0 = Release|Any CPU
		{D0CE293A-357D-4493-97DD-2E607A687F27}.Debug|Any CPU.ActiveCfg = Debug|Any CPU
		{D0CE293A-357D-4493-97DD-2E607A687F27}.Debug|Any CPU.Build.0 = Debug|Any CPU
		{D0CE293A-357D-4493-97DD-2E607A687F27}.Release|Any CPU.ActiveCfg = Release|Any CPU
		{D0CE293A-357D-4493-97DD-2E607A687F27}.Release|Any CPU.Build.0 = Release|Any CPU
	EndGlobalSection
	GlobalSection(SolutionProperties) = preSolution
		HideSolutionNode = FALSE
	EndGlobalSection
	GlobalSection(NestedProjects) = preSolution
		{978D09AA-4886-44AA-997F-53E1D4E44D1D} = {AA92F262-1573-4028-B6F5-F0D453133077}
		{504DB446-83FD-4A78-8EB9-2DA905C71EC0} = {C55C45DD-5D45-495C-97BE-2E488DE6CBDE}
		{AA92F262-1573-4028-B6F5-F0D453133077} = {F45613FF-C1C6-434A-A4A0-4EB0E399C940}
		{C55C45DD-5D45-495C-97BE-2E488DE6CBDE} = {F45613FF-C1C6-434A-A4A0-4EB0E399C940}
		{33DD57A3-552F-4E5D-95EE-41D36139239D} = {AA92F262-1573-4028-B6F5-F0D453133077}
		{04391053-4C71-40D6-8DC0-5847098648DB} = {00C1CE26-12AA-4BEF-9FAC-1209B99371A7}
		{D0CE293A-357D-4493-97DD-2E607A687F27} = {00C1CE26-12AA-4BEF-9FAC-1209B99371A7}
	EndGlobalSection
	GlobalSection(ExtensibilityGlobals) = postSolution
		SolutionGuid = {A6AB0D62-69E3-4BC1-B0E7-C473401811C2}
	EndGlobalSection
EndGlobal
