
Microsoft Visual Studio Solution File, Format Version 12.00
# Visual Studio Version 17
VisualStudioVersion = 17.11.35222.181
MinimumVisualStudioVersion = 10.0.40219.1
Project("{FAE04EC0-301F-11D3-BF4B-00C04F79EFBC}") = "IDEApp", "IDEApp\IDEApp.csproj", "{5ECDAF7E-338B-4F29-8D3A-8DC2692A3464}"
EndProject
Project("{FAE04EC0-301F-11D3-BF4B-00C04F79EFBC}") = "LabsNRef", "LabsNRef\LabsNRef.csproj", "{9F14903B-9771-4E89-A1E9-81E6F1569AAE}"
EndProject
Global
	GlobalSection(SolutionConfigurationPlatforms) = preSolution
		Debug|Any CPU = Debug|Any CPU
		Release|Any CPU = Release|Any CPU
	EndGlobalSection
	GlobalSection(ProjectConfigurationPlatforms) = postSolution
		{5ECDAF7E-338B-4F29-8D3A-8DC2692A3464}.Debug|Any CPU.ActiveCfg = Debug|Any CPU
		{5ECDAF7E-338B-4F29-8D3A-8DC2692A3464}.Debug|Any CPU.Build.0 = Debug|Any CPU
		{5ECDAF7E-338B-4F29-8D3A-8DC2692A3464}.Release|Any CPU.ActiveCfg = Release|Any CPU
		{5ECDAF7E-338B-4F29-8D3A-8DC2692A3464}.Release|Any CPU.Build.0 = Release|Any CPU
		{9F14903B-9771-4E89-A1E9-81E6F1569AAE}.Debug|Any CPU.ActiveCfg = Debug|Any CPU
		{9F14903B-9771-4E89-A1E9-81E6F1569AAE}.Debug|Any CPU.Build.0 = Debug|Any CPU
		{9F14903B-9771-4E89-A1E9-81E6F1569AAE}.Release|Any CPU.ActiveCfg = Release|Any CPU
		{9F14903B-9771-4E89-A1E9-81E6F1569AAE}.Release|Any CPU.Build.0 = Release|Any CPU
	EndGlobalSection
	GlobalSection(SolutionProperties) = preSolution
		HideSolutionNode = FALSE
	EndGlobalSection
	GlobalSection(ExtensibilityGlobals) = postSolution
		SolutionGuid = {A6AB0D62-69E3-4BC1-B0E7-C473401811C2}
	EndGlobalSection
EndGlobal
